
Microsoft Visual Studio Solution File, Format Version 12.00
# Visual Studio Version 16
VisualStudioVersion = 16.0.31424.327
MinimumVisualStudioVersion = 10.0.40219.1
Project("{FAE04EC0-301F-11D3-BF4B-00C04F79EFBC}") = "2.1.AdivinaNumero", "2.1.AdivinaNumero\2.1.AdivinaNumero.csproj", "{A9216715-22D5-4275-8591-CCE3279AFD4F}"
EndProject
Global
	GlobalSection(SolutionConfigurationPlatforms) = preSolution
		Debug|Any CPU = Debug|Any CPU
		Release|Any CPU = Release|Any CPU
	EndGlobalSection
	GlobalSection(ProjectConfigurationPlatforms) = postSolution
		{A9216715-22D5-4275-8591-CCE3279AFD4F}.Debug|Any CPU.ActiveCfg = Debug|Any CPU
		{A9216715-22D5-4275-8591-CCE3279AFD4F}.Debug|Any CPU.Build.0 = Debug|Any CPU
		{A9216715-22D5-4275-8591-CCE3279AFD4F}.Release|Any CPU.ActiveCfg = Release|Any CPU
		{A9216715-22D5-4275-8591-CCE3279AFD4F}.Release|Any CPU.Build.0 = Release|Any CPU
	EndGlobalSection
	GlobalSection(SolutionProperties) = preSolution
		HideSolutionNode = FALSE
	EndGlobalSection
	GlobalSection(ExtensibilityGlobals) = postSolution
		SolutionGuid = {ADAB3493-872A-420D-B8AE-C06F04C58974}
	EndGlobalSection
EndGlobal
